
Microsoft Visual Studio Solution File, Format Version 12.00
# Visual Studio Version 16
VisualStudioVersion = 16.0.29418.71
MinimumVisualStudioVersion = 10.0.40219.1
Project("{FAE04EC0-301F-11D3-BF4B-00C04F79EFBC}") = "CSV Split", "CSV Split.csproj", "{F1184E3C-E34B-4C6C-9027-280A08C553C1}"
EndProject
Global
	GlobalSection(SolutionConfigurationPlatforms) = preSolution
		Debug|Any CPU = Debug|Any CPU
		Release|Any CPU = Release|Any CPU
	EndGlobalSection
	GlobalSection(ProjectConfigurationPlatforms) = postSolution
		{F1184E3C-E34B-4C6C-9027-280A08C553C1}.Debug|Any CPU.ActiveCfg = Debug|Any CPU
		{F1184E3C-E34B-4C6C-9027-280A08C553C1}.Debug|Any CPU.Build.0 = Debug|Any CPU
		{F1184E3C-E34B-4C6C-9027-280A08C553C1}.Release|Any CPU.ActiveCfg = Release|Any CPU
		{F1184E3C-E34B-4C6C-9027-280A08C553C1}.Release|Any CPU.Build.0 = Release|Any CPU
	EndGlobalSection
	GlobalSection(SolutionProperties) = preSolution
		HideSolutionNode = FALSE
	EndGlobalSection
	GlobalSection(ExtensibilityGlobals) = postSolution
		SolutionGuid = {41B5A8B6-DE49-44C3-A07D-1F1846DCE07E}
	EndGlobalSection
EndGlobal
