
Microsoft Visual Studio Solution File, Format Version 10.00
# Visual Studio 2008
Project("{FAE04EC0-301F-11D3-BF4B-00C04F79EFBC}") = "DealComment", "DealComment\DealComment.csproj", "{32D1A1CE-D340-42C0-B11E-2F35FF0ACDB6}"
EndProject
Global
	GlobalSection(SolutionConfigurationPlatforms) = preSolution
		Debug|Any CPU = Debug|Any CPU
		Release|Any CPU = Release|Any CPU
	EndGlobalSection
	GlobalSection(ProjectConfigurationPlatforms) = postSolution
		{32D1A1CE-D340-42C0-B11E-2F35FF0ACDB6}.Debug|Any CPU.ActiveCfg = Debug|Any CPU
		{32D1A1CE-D340-42C0-B11E-2F35FF0ACDB6}.Debug|Any CPU.Build.0 = Debug|Any CPU
		{32D1A1CE-D340-42C0-B11E-2F35FF0ACDB6}.Release|Any CPU.ActiveCfg = Release|Any CPU
		{32D1A1CE-D340-42C0-B11E-2F35FF0ACDB6}.Release|Any CPU.Build.0 = Release|Any CPU
	EndGlobalSection
	GlobalSection(SolutionProperties) = preSolution
		HideSolutionNode = FALSE
	EndGlobalSection
EndGlobal
